// !$*UTF8*$!
{
	archiveVersion = 1;
	classes = {
	};
	objectVersion = 56;
	objects = {

/* Begin PBXBuildFile section */
		3079DF0829DDA7A300E5E7FE /* AboutUsView.swift in Sources */ = {isa = PBXBuildFile; fileRef = 3079DF0729DDA7A300E5E7FE /* AboutUsView.swift */; };
		30D3A66029D30F20005FA23F /* MenuView.swift in Sources */ = {isa = PBXBuildFile; fileRef = 30D3A65F29D30F20005FA23F /* MenuView.swift */; };
		8A22B49D29E5F5290013D573 /* historico.usdz in Resources */ = {isa = PBXBuildFile; fileRef = 8A22B49C29E5F5290013D573 /* historico.usdz */; };
		8A22B4A129E5F5380013D573 /* predio.usdz in Resources */ = {isa = PBXBuildFile; fileRef = 8A22B4A029E5F5380013D573 /* predio.usdz */; };
		8A22B4A329E5F5540013D573 /* palafita.usdz in Resources */ = {isa = PBXBuildFile; fileRef = 8A22B4A229E5F5540013D573 /* palafita.usdz */; };
		8A22B4A529E623230013D573 /* Settings.swift in Sources */ = {isa = PBXBuildFile; fileRef = 8A22B4A429E623230013D573 /* Settings.swift */; };
		8A760F3729DAFC0C0046F2D8 /* BuildingInfoView.swift in Sources */ = {isa = PBXBuildFile; fileRef = 8A760F3629DAFC0C0046F2D8 /* BuildingInfoView.swift */; };
		8A760F3929DB0A020046F2D8 /* BuldingInfoModel.swift in Sources */ = {isa = PBXBuildFile; fileRef = 8A760F3829DB0A020046F2D8 /* BuldingInfoModel.swift */; };
		8A760F3B29DB0A8C0046F2D8 /* BuildingInfoViewModel.swift in Sources */ = {isa = PBXBuildFile; fileRef = 8A760F3A29DB0A8C0046F2D8 /* BuildingInfoViewModel.swift */; };
		8AA6D76E29E6EB4A00ED81CC /* barraco.usdz in Resources */ = {isa = PBXBuildFile; fileRef = 8AA6D76D29E6EB4A00ED81CC /* barraco.usdz */; };
		8AA8F1F229CB0F67002B1333 /* AppDelegate.swift in Sources */ = {isa = PBXBuildFile; fileRef = 8AA8F1F129CB0F67002B1333 /* AppDelegate.swift */; };
		8AA8F1F429CB0F67002B1333 /* ContentView.swift in Sources */ = {isa = PBXBuildFile; fileRef = 8AA8F1F329CB0F67002B1333 /* ContentView.swift */; };
		8AA8F1F629CB0F67002B1333 /* Experience.rcproject in Sources */ = {isa = PBXBuildFile; fileRef = 8AA8F1F529CB0F67002B1333 /* Experience.rcproject */; };
		8AA8F1F829CB0F68002B1333 /* Assets.xcassets in Resources */ = {isa = PBXBuildFile; fileRef = 8AA8F1F729CB0F68002B1333 /* Assets.xcassets */; };
		8AA8F1FB29CB0F68002B1333 /* Preview Assets.xcassets in Resources */ = {isa = PBXBuildFile; fileRef = 8AA8F1FA29CB0F68002B1333 /* Preview Assets.xcassets */; };
		8AA8F20229CB0FA0002B1333 /* ARModel.swift in Sources */ = {isa = PBXBuildFile; fileRef = 8AA8F20129CB0FA0002B1333 /* ARModel.swift */; };
		8AA8F20429CB0FC2002B1333 /* ARViewModel.swift in Sources */ = {isa = PBXBuildFile; fileRef = 8AA8F20329CB0FC2002B1333 /* ARViewModel.swift */; };
		8AD0347A29DC9C2B00BAA247 /* Obviously-Variable.otf in Resources */ = {isa = PBXBuildFile; fileRef = 8AD0347929DC9C2B00BAA247 /* Obviously-Variable.otf */; };
		93C2615529DB5E8B001BBFA9 /* LargeButton.swift in Sources */ = {isa = PBXBuildFile; fileRef = 93C2615429DB5E8B001BBFA9 /* LargeButton.swift */; };
		93C2615829DB7791001BBFA9 /* FirstStepsView.swift in Sources */ = {isa = PBXBuildFile; fileRef = 93C2615729DB7791001BBFA9 /* FirstStepsView.swift */; };
		93C2615A29DB89EE001BBFA9 /* TheExperiencesView.swift in Sources */ = {isa = PBXBuildFile; fileRef = 93C2615929DB89EE001BBFA9 /* TheExperiencesView.swift */; };
/* End PBXBuildFile section */

/* Begin PBXFileReference section */
		3079DF0729DDA7A300E5E7FE /* AboutUsView.swift */ = {isa = PBXFileReference; lastKnownFileType = sourcecode.swift; path = AboutUsView.swift; sourceTree = "<group>"; };
		30D3A65F29D30F20005FA23F /* MenuView.swift */ = {isa = PBXFileReference; lastKnownFileType = sourcecode.swift; path = MenuView.swift; sourceTree = "<group>"; };
		8A22B49C29E5F5290013D573 /* historico.usdz */ = {isa = PBXFileReference; lastKnownFileType = file.usdz; path = historico.usdz; sourceTree = "<group>"; };
		8A22B4A029E5F5380013D573 /* predio.usdz */ = {isa = PBXFileReference; lastKnownFileType = file.usdz; path = predio.usdz; sourceTree = "<group>"; };
		8A22B4A229E5F5540013D573 /* palafita.usdz */ = {isa = PBXFileReference; lastKnownFileType = file.usdz; path = palafita.usdz; sourceTree = "<group>"; };
		8A22B4A429E623230013D573 /* Settings.swift */ = {isa = PBXFileReference; lastKnownFileType = sourcecode.swift; path = Settings.swift; sourceTree = "<group>"; };
		8A760F3629DAFC0C0046F2D8 /* BuildingInfoView.swift */ = {isa = PBXFileReference; lastKnownFileType = sourcecode.swift; path = BuildingInfoView.swift; sourceTree = "<group>"; };
		8A760F3829DB0A020046F2D8 /* BuldingInfoModel.swift */ = {isa = PBXFileReference; lastKnownFileType = sourcecode.swift; path = BuldingInfoModel.swift; sourceTree = "<group>"; };
		8A760F3A29DB0A8C0046F2D8 /* BuildingInfoViewModel.swift */ = {isa = PBXFileReference; lastKnownFileType = sourcecode.swift; path = BuildingInfoViewModel.swift; sourceTree = "<group>"; };
		8AA6D76D29E6EB4A00ED81CC /* barraco.usdz */ = {isa = PBXFileReference; lastKnownFileType = file.usdz; path = barraco.usdz; sourceTree = "<group>"; };
		8AA8F1EE29CB0F67002B1333 /* recifear.app */ = {isa = PBXFileReference; explicitFileType = wrapper.application; includeInIndex = 0; path = recifear.app; sourceTree = BUILT_PRODUCTS_DIR; };
		8AA8F1F129CB0F67002B1333 /* AppDelegate.swift */ = {isa = PBXFileReference; lastKnownFileType = sourcecode.swift; path = AppDelegate.swift; sourceTree = "<group>"; };
		8AA8F1F329CB0F67002B1333 /* ContentView.swift */ = {isa = PBXFileReference; lastKnownFileType = sourcecode.swift; path = ContentView.swift; sourceTree = "<group>"; };
		8AA8F1F529CB0F67002B1333 /* Experience.rcproject */ = {isa = PBXFileReference; lastKnownFileType = file.rcproject; path = Experience.rcproject; sourceTree = "<group>"; };
		8AA8F1F729CB0F68002B1333 /* Assets.xcassets */ = {isa = PBXFileReference; lastKnownFileType = folder.assetcatalog; path = Assets.xcassets; sourceTree = "<group>"; };
		8AA8F1FA29CB0F68002B1333 /* Preview Assets.xcassets */ = {isa = PBXFileReference; lastKnownFileType = folder.assetcatalog; path = "Preview Assets.xcassets"; sourceTree = "<group>"; };
		8AA8F20129CB0FA0002B1333 /* ARModel.swift */ = {isa = PBXFileReference; lastKnownFileType = sourcecode.swift; path = ARModel.swift; sourceTree = "<group>"; };
		8AA8F20329CB0FC2002B1333 /* ARViewModel.swift */ = {isa = PBXFileReference; lastKnownFileType = sourcecode.swift; path = ARViewModel.swift; sourceTree = "<group>"; };
		8AD0347329DC977B00BAA247 /* Info.plist */ = {isa = PBXFileReference; lastKnownFileType = text.plist; path = Info.plist; sourceTree = "<group>"; };
		8AD0347929DC9C2B00BAA247 /* Obviously-Variable.otf */ = {isa = PBXFileReference; lastKnownFileType = file; path = "Obviously-Variable.otf"; sourceTree = "<group>"; };
		93C2615429DB5E8B001BBFA9 /* LargeButton.swift */ = {isa = PBXFileReference; lastKnownFileType = sourcecode.swift; path = LargeButton.swift; sourceTree = "<group>"; };
		93C2615729DB7791001BBFA9 /* FirstStepsView.swift */ = {isa = PBXFileReference; lastKnownFileType = sourcecode.swift; path = FirstStepsView.swift; sourceTree = "<group>"; };
		93C2615929DB89EE001BBFA9 /* TheExperiencesView.swift */ = {isa = PBXFileReference; lastKnownFileType = sourcecode.swift; path = TheExperiencesView.swift; sourceTree = "<group>"; };
/* End PBXFileReference section */

/* Begin PBXFrameworksBuildPhase section */
		8AA8F1EB29CB0F67002B1333 /* Frameworks */ = {
			isa = PBXFrameworksBuildPhase;
			buildActionMask = 2147483647;
			files = (
			);
			runOnlyForDeploymentPostprocessing = 0;
		};
/* End PBXFrameworksBuildPhase section */

/* Begin PBXGroup section */
		8AA6D76F29E6EBA000ED81CC /* 3D Assets */ = {
			isa = PBXGroup;
			children = (
				8A22B49C29E5F5290013D573 /* historico.usdz */,
				8A22B4A029E5F5380013D573 /* predio.usdz */,
				8A22B4A229E5F5540013D573 /* palafita.usdz */,
				8AA6D76D29E6EB4A00ED81CC /* barraco.usdz */,
			);
			path = "3D Assets";
			sourceTree = "<group>";
		};
		8AA6D77029E6EBCD00ED81CC /* ViewModels */ = {
			isa = PBXGroup;
			children = (
				8A760F3A29DB0A8C0046F2D8 /* BuildingInfoViewModel.swift */,
				8AA8F20329CB0FC2002B1333 /* ARViewModel.swift */,
			);
			path = ViewModels;
			sourceTree = "<group>";
		};
		8AA8F1E529CB0F67002B1333 = {
			isa = PBXGroup;
			children = (
				8AA8F1F029CB0F67002B1333 /* recifear */,
				8AA8F1EF29CB0F67002B1333 /* Products */,
			);
			sourceTree = "<group>";
		};
		8AA8F1EF29CB0F67002B1333 /* Products */ = {
			isa = PBXGroup;
			children = (
				8AA8F1EE29CB0F67002B1333 /* recifear.app */,
			);
			name = Products;
			sourceTree = "<group>";
		};
		8AA8F1F029CB0F67002B1333 /* recifear */ = {
			isa = PBXGroup;
			children = (
				8AD0347329DC977B00BAA247 /* Info.plist */,
				8AD0347029DC96E300BAA247 /* Fonts */,
				8AA8F1F129CB0F67002B1333 /* AppDelegate.swift */,
				93C2615629DB777E001BBFA9 /* Views */,
				93C2615229DB5D44001BBFA9 /* Models */,
				8AA6D77029E6EBCD00ED81CC /* ViewModels */,
				8AA6D76F29E6EBA000ED81CC /* 3D Assets */,
				8AA8F1F529CB0F67002B1333 /* Experience.rcproject */,
				8AA8F1F729CB0F68002B1333 /* Assets.xcassets */,
				8AA8F1F929CB0F68002B1333 /* Preview Content */,
			);
			path = recifear;
			sourceTree = "<group>";
		};
		8AA8F1F929CB0F68002B1333 /* Preview Content */ = {
			isa = PBXGroup;
			children = (
				8AA8F1FA29CB0F68002B1333 /* Preview Assets.xcassets */,
			);
			path = "Preview Content";
			sourceTree = "<group>";
		};
		8AD0347029DC96E300BAA247 /* Fonts */ = {
			isa = PBXGroup;
			children = (
				8AD0347929DC9C2B00BAA247 /* Obviously-Variable.otf */,
			);
			path = Fonts;
			sourceTree = "<group>";
		};
		93C2615229DB5D44001BBFA9 /* Models */ = {
			isa = PBXGroup;
			children = (
				8AA8F20129CB0FA0002B1333 /* ARModel.swift */,
				8A760F3829DB0A020046F2D8 /* BuldingInfoModel.swift */,
				93C2615329DB5D52001BBFA9 /* Buttons */,
			);
			path = Models;
			sourceTree = "<group>";
		};
		93C2615329DB5D52001BBFA9 /* Buttons */ = {
			isa = PBXGroup;
			children = (
				93C2615429DB5E8B001BBFA9 /* LargeButton.swift */,
			);
			path = Buttons;
			sourceTree = "<group>";
		};
		93C2615629DB777E001BBFA9 /* Views */ = {
			isa = PBXGroup;
			children = (
				8AA8F1F329CB0F67002B1333 /* ContentView.swift */,
				8A22B4A429E623230013D573 /* Settings.swift */,
				93C2615729DB7791001BBFA9 /* FirstStepsView.swift */,
				93C2615929DB89EE001BBFA9 /* TheExperiencesView.swift */,
				3079DF0729DDA7A300E5E7FE /* AboutUsView.swift */,
				30D3A65F29D30F20005FA23F /* MenuView.swift */,
				8A760F3629DAFC0C0046F2D8 /* BuildingInfoView.swift */,
			);
			path = Views;
			sourceTree = "<group>";
		};
/* End PBXGroup section */

/* Begin PBXNativeTarget section */
		8AA8F1ED29CB0F67002B1333 /* recifear */ = {
			isa = PBXNativeTarget;
			buildConfigurationList = 8AA8F1FE29CB0F68002B1333 /* Build configuration list for PBXNativeTarget "recifear" */;
			buildPhases = (
				8AA8F1EA29CB0F67002B1333 /* Sources */,
				8AA8F1EB29CB0F67002B1333 /* Frameworks */,
				8AA8F1EC29CB0F67002B1333 /* Resources */,
			);
			buildRules = (
			);
			dependencies = (
			);
			name = recifear;
			productName = recifear;
			productReference = 8AA8F1EE29CB0F67002B1333 /* recifear.app */;
			productType = "com.apple.product-type.application";
		};
/* End PBXNativeTarget section */

/* Begin PBXProject section */
		8AA8F1E629CB0F67002B1333 /* Project object */ = {
			isa = PBXProject;
			attributes = {
				BuildIndependentTargetsInParallel = 1;
				LastSwiftUpdateCheck = 1420;
				LastUpgradeCheck = 1420;
				TargetAttributes = {
					8AA8F1ED29CB0F67002B1333 = {
						CreatedOnToolsVersion = 14.2;
					};
				};
			};
			buildConfigurationList = 8AA8F1E929CB0F67002B1333 /* Build configuration list for PBXProject "recifear" */;
			compatibilityVersion = "Xcode 14.0";
			developmentRegion = en;
			hasScannedForEncodings = 0;
			knownRegions = (
				en,
				Base,
			);
			mainGroup = 8AA8F1E529CB0F67002B1333;
			productRefGroup = 8AA8F1EF29CB0F67002B1333 /* Products */;
			projectDirPath = "";
			projectRoot = "";
			targets = (
				8AA8F1ED29CB0F67002B1333 /* recifear */,
			);
		};
/* End PBXProject section */

/* Begin PBXResourcesBuildPhase section */
		8AA8F1EC29CB0F67002B1333 /* Resources */ = {
			isa = PBXResourcesBuildPhase;
			buildActionMask = 2147483647;
			files = (
				8AA8F1FB29CB0F68002B1333 /* Preview Assets.xcassets in Resources */,
				8A22B4A129E5F5380013D573 /* predio.usdz in Resources */,
				8AD0347A29DC9C2B00BAA247 /* Obviously-Variable.otf in Resources */,
				8AA6D76E29E6EB4A00ED81CC /* barraco.usdz in Resources */,
				8A22B4A329E5F5540013D573 /* palafita.usdz in Resources */,
				8A22B49D29E5F5290013D573 /* historico.usdz in Resources */,
				8AA8F1F829CB0F68002B1333 /* Assets.xcassets in Resources */,
			);
			runOnlyForDeploymentPostprocessing = 0;
		};
/* End PBXResourcesBuildPhase section */

/* Begin PBXSourcesBuildPhase section */
		8AA8F1EA29CB0F67002B1333 /* Sources */ = {
			isa = PBXSourcesBuildPhase;
			buildActionMask = 2147483647;
			files = (
				8A760F3B29DB0A8C0046F2D8 /* BuildingInfoViewModel.swift in Sources */,
				93C2615529DB5E8B001BBFA9 /* LargeButton.swift in Sources */,
				8A760F3729DAFC0C0046F2D8 /* BuildingInfoView.swift in Sources */,
				8AA8F20429CB0FC2002B1333 /* ARViewModel.swift in Sources */,
				8A22B4A529E623230013D573 /* Settings.swift in Sources */,
				30D3A66029D30F20005FA23F /* MenuView.swift in Sources */,
				8A760F3929DB0A020046F2D8 /* BuldingInfoModel.swift in Sources */,
				3079DF0829DDA7A300E5E7FE /* AboutUsView.swift in Sources */,
				93C2615A29DB89EE001BBFA9 /* TheExperiencesView.swift in Sources */,
				8AA8F20229CB0FA0002B1333 /* ARModel.swift in Sources */,
				8AA8F1F429CB0F67002B1333 /* ContentView.swift in Sources */,
				8AA8F1F229CB0F67002B1333 /* AppDelegate.swift in Sources */,
				93C2615829DB7791001BBFA9 /* FirstStepsView.swift in Sources */,
				8AA8F1F629CB0F67002B1333 /* Experience.rcproject in Sources */,
			);
			runOnlyForDeploymentPostprocessing = 0;
		};
/* End PBXSourcesBuildPhase section */

/* Begin XCBuildConfiguration section */
		8AA8F1FC29CB0F68002B1333 /* Debug */ = {
			isa = XCBuildConfiguration;
			buildSettings = {
				ALWAYS_SEARCH_USER_PATHS = NO;
				CLANG_ANALYZER_NONNULL = YES;
				CLANG_ANALYZER_NUMBER_OBJECT_CONVERSION = YES_AGGRESSIVE;
				CLANG_CXX_LANGUAGE_STANDARD = "gnu++20";
				CLANG_ENABLE_MODULES = YES;
				CLANG_ENABLE_OBJC_ARC = YES;
				CLANG_ENABLE_OBJC_WEAK = YES;
				CLANG_WARN_BLOCK_CAPTURE_AUTORELEASING = YES;
				CLANG_WARN_BOOL_CONVERSION = YES;
				CLANG_WARN_COMMA = YES;
				CLANG_WARN_CONSTANT_CONVERSION = YES;
				CLANG_WARN_DEPRECATED_OBJC_IMPLEMENTATIONS = YES;
				CLANG_WARN_DIRECT_OBJC_ISA_USAGE = YES_ERROR;
				CLANG_WARN_DOCUMENTATION_COMMENTS = YES;
				CLANG_WARN_EMPTY_BODY = YES;
				CLANG_WARN_ENUM_CONVERSION = YES;
				CLANG_WARN_INFINITE_RECURSION = YES;
				CLANG_WARN_INT_CONVERSION = YES;
				CLANG_WARN_NON_LITERAL_NULL_CONVERSION = YES;
				CLANG_WARN_OBJC_IMPLICIT_RETAIN_SELF = YES;
				CLANG_WARN_OBJC_LITERAL_CONVERSION = YES;
				CLANG_WARN_OBJC_ROOT_CLASS = YES_ERROR;
				CLANG_WARN_QUOTED_INCLUDE_IN_FRAMEWORK_HEADER = YES;
				CLANG_WARN_RANGE_LOOP_ANALYSIS = YES;
				CLANG_WARN_STRICT_PROTOTYPES = YES;
				CLANG_WARN_SUSPICIOUS_MOVE = YES;
				CLANG_WARN_UNGUARDED_AVAILABILITY = YES_AGGRESSIVE;
				CLANG_WARN_UNREACHABLE_CODE = YES;
				CLANG_WARN__DUPLICATE_METHOD_MATCH = YES;
				COPY_PHASE_STRIP = NO;
				DEBUG_INFORMATION_FORMAT = dwarf;
				ENABLE_STRICT_OBJC_MSGSEND = YES;
				ENABLE_TESTABILITY = YES;
				GCC_C_LANGUAGE_STANDARD = gnu11;
				GCC_DYNAMIC_NO_PIC = NO;
				GCC_NO_COMMON_BLOCKS = YES;
				GCC_OPTIMIZATION_LEVEL = 0;
				GCC_PREPROCESSOR_DEFINITIONS = (
					"DEBUG=1",
					"$(inherited)",
				);
				GCC_WARN_64_TO_32_BIT_CONVERSION = YES;
				GCC_WARN_ABOUT_RETURN_TYPE = YES_ERROR;
				GCC_WARN_UNDECLARED_SELECTOR = YES;
				GCC_WARN_UNINITIALIZED_AUTOS = YES_AGGRESSIVE;
				GCC_WARN_UNUSED_FUNCTION = YES;
				GCC_WARN_UNUSED_VARIABLE = YES;
				IPHONEOS_DEPLOYMENT_TARGET = 16.2;
				MTL_ENABLE_DEBUG_INFO = INCLUDE_SOURCE;
				MTL_FAST_MATH = YES;
				ONLY_ACTIVE_ARCH = YES;
				SDKROOT = iphoneos;
				SWIFT_ACTIVE_COMPILATION_CONDITIONS = DEBUG;
				SWIFT_OPTIMIZATION_LEVEL = "-Onone";
			};
			name = Debug;
		};
		8AA8F1FD29CB0F68002B1333 /* Release */ = {
			isa = XCBuildConfiguration;
			buildSettings = {
				ALWAYS_SEARCH_USER_PATHS = NO;
				CLANG_ANALYZER_NONNULL = YES;
				CLANG_ANALYZER_NUMBER_OBJECT_CONVERSION = YES_AGGRESSIVE;
				CLANG_CXX_LANGUAGE_STANDARD = "gnu++20";
				CLANG_ENABLE_MODULES = YES;
				CLANG_ENABLE_OBJC_ARC = YES;
				CLANG_ENABLE_OBJC_WEAK = YES;
				CLANG_WARN_BLOCK_CAPTURE_AUTORELEASING = YES;
				CLANG_WARN_BOOL_CONVERSION = YES;
				CLANG_WARN_COMMA = YES;
				CLANG_WARN_CONSTANT_CONVERSION = YES;
				CLANG_WARN_DEPRECATED_OBJC_IMPLEMENTATIONS = YES;
				CLANG_WARN_DIRECT_OBJC_ISA_USAGE = YES_ERROR;
				CLANG_WARN_DOCUMENTATION_COMMENTS = YES;
				CLANG_WARN_EMPTY_BODY = YES;
				CLANG_WARN_ENUM_CONVERSION = YES;
				CLANG_WARN_INFINITE_RECURSION = YES;
				CLANG_WARN_INT_CONVERSION = YES;
				CLANG_WARN_NON_LITERAL_NULL_CONVERSION = YES;
				CLANG_WARN_OBJC_IMPLICIT_RETAIN_SELF = YES;
				CLANG_WARN_OBJC_LITERAL_CONVERSION = YES;
				CLANG_WARN_OBJC_ROOT_CLASS = YES_ERROR;
				CLANG_WARN_QUOTED_INCLUDE_IN_FRAMEWORK_HEADER = YES;
				CLANG_WARN_RANGE_LOOP_ANALYSIS = YES;
				CLANG_WARN_STRICT_PROTOTYPES = YES;
				CLANG_WARN_SUSPICIOUS_MOVE = YES;
				CLANG_WARN_UNGUARDED_AVAILABILITY = YES_AGGRESSIVE;
				CLANG_WARN_UNREACHABLE_CODE = YES;
				CLANG_WARN__DUPLICATE_METHOD_MATCH = YES;
				COPY_PHASE_STRIP = NO;
				DEBUG_INFORMATION_FORMAT = "dwarf-with-dsym";
				ENABLE_NS_ASSERTIONS = NO;
				ENABLE_STRICT_OBJC_MSGSEND = YES;
				GCC_C_LANGUAGE_STANDARD = gnu11;
				GCC_NO_COMMON_BLOCKS = YES;
				GCC_WARN_64_TO_32_BIT_CONVERSION = YES;
				GCC_WARN_ABOUT_RETURN_TYPE = YES_ERROR;
				GCC_WARN_UNDECLARED_SELECTOR = YES;
				GCC_WARN_UNINITIALIZED_AUTOS = YES_AGGRESSIVE;
				GCC_WARN_UNUSED_FUNCTION = YES;
				GCC_WARN_UNUSED_VARIABLE = YES;
				IPHONEOS_DEPLOYMENT_TARGET = 16.2;
				MTL_ENABLE_DEBUG_INFO = NO;
				MTL_FAST_MATH = YES;
				SDKROOT = iphoneos;
				SWIFT_COMPILATION_MODE = wholemodule;
				SWIFT_OPTIMIZATION_LEVEL = "-O";
				VALIDATE_PRODUCT = YES;
			};
			name = Release;
		};
		8AA8F1FF29CB0F68002B1333 /* Debug */ = {
			isa = XCBuildConfiguration;
			buildSettings = {
				ASSETCATALOG_COMPILER_APPICON_NAME = AppIcon;
				ASSETCATALOG_COMPILER_GLOBAL_ACCENT_COLOR_NAME = accent;
				CODE_SIGN_STYLE = Automatic;
				CURRENT_PROJECT_VERSION = 1;
				DEVELOPMENT_ASSET_PATHS = "\"recifear/Preview Content\"";
				DEVELOPMENT_TEAM = XST7PF6RZ3;
				ENABLE_PREVIEWS = YES;
				GENERATE_INFOPLIST_FILE = YES;
				INFOPLIST_FILE = recifear/Info.plist;
				INFOPLIST_KEY_NSCameraUsageDescription = "";
				INFOPLIST_KEY_UIApplicationSupportsIndirectInputEvents = YES;
				INFOPLIST_KEY_UILaunchScreen_Generation = YES;
				INFOPLIST_KEY_UIRequiredDeviceCapabilities = arkit;
				INFOPLIST_KEY_UIStatusBarHidden = YES;
				INFOPLIST_KEY_UISupportedInterfaceOrientations_iPad = "UIInterfaceOrientationPortrait UIInterfaceOrientationPortraitUpsideDown UIInterfaceOrientationLandscapeLeft UIInterfaceOrientationLandscapeRight";
				INFOPLIST_KEY_UISupportedInterfaceOrientations_iPhone = "UIInterfaceOrientationPortrait UIInterfaceOrientationLandscapeLeft UIInterfaceOrientationLandscapeRight";
				LD_RUNPATH_SEARCH_PATHS = (
					"$(inherited)",
					"@executable_path/Frameworks",
				);
				MARKETING_VERSION = 1.0;
				PRODUCT_BUNDLE_IDENTIFIER = br.ufpe.cin.academy.recifear.2;
				PRODUCT_NAME = "$(TARGET_NAME)";
				SWIFT_EMIT_LOC_STRINGS = YES;
				SWIFT_VERSION = 5.0;
				TARGETED_DEVICE_FAMILY = "1,2";
			};
			name = Debug;
		};
		8AA8F20029CB0F68002B1333 /* Release */ = {
			isa = XCBuildConfiguration;
			buildSettings = {
				ASSETCATALOG_COMPILER_APPICON_NAME = AppIcon;
				ASSETCATALOG_COMPILER_GLOBAL_ACCENT_COLOR_NAME = accent;
				CODE_SIGN_STYLE = Automatic;
				CURRENT_PROJECT_VERSION = 1;
				DEVELOPMENT_ASSET_PATHS = "\"recifear/Preview Content\"";
				DEVELOPMENT_TEAM = XST7PF6RZ3;
				ENABLE_PREVIEWS = YES;
				GENERATE_INFOPLIST_FILE = YES;
				INFOPLIST_FILE = recifear/Info.plist;
				INFOPLIST_KEY_NSCameraUsageDescription = "";
				INFOPLIST_KEY_UIApplicationSupportsIndirectInputEvents = YES;
				INFOPLIST_KEY_UILaunchScreen_Generation = YES;
				INFOPLIST_KEY_UIRequiredDeviceCapabilities = arkit;
				INFOPLIST_KEY_UIStatusBarHidden = YES;
				INFOPLIST_KEY_UISupportedInterfaceOrientations_iPad = "UIInterfaceOrientationPortrait UIInterfaceOrientationPortraitUpsideDown UIInterfaceOrientationLandscapeLeft UIInterfaceOrientationLandscapeRight";
				INFOPLIST_KEY_UISupportedInterfaceOrientations_iPhone = "UIInterfaceOrientationPortrait UIInterfaceOrientationLandscapeLeft UIInterfaceOrientationLandscapeRight";
				LD_RUNPATH_SEARCH_PATHS = (
					"$(inherited)",
					"@executable_path/Frameworks",
				);
				MARKETING_VERSION = 1.0;
				PRODUCT_BUNDLE_IDENTIFIER = br.ufpe.cin.academy.recifear.2;
				PRODUCT_NAME = "$(TARGET_NAME)";
				SWIFT_EMIT_LOC_STRINGS = YES;
				SWIFT_VERSION = 5.0;
				TARGETED_DEVICE_FAMILY = "1,2";
			};
			name = Release;
		};
/* End XCBuildConfiguration section */

/* Begin XCConfigurationList section */
		8AA8F1E929CB0F67002B1333 /* Build configuration list for PBXProject "recifear" */ = {
			isa = XCConfigurationList;
			buildConfigurations = (
				8AA8F1FC29CB0F68002B1333 /* Debug */,
				8AA8F1FD29CB0F68002B1333 /* Release */,
			);
			defaultConfigurationIsVisible = 0;
			defaultConfigurationName = Release;
		};
		8AA8F1FE29CB0F68002B1333 /* Build configuration list for PBXNativeTarget "recifear" */ = {
			isa = XCConfigurationList;
			buildConfigurations = (
				8AA8F1FF29CB0F68002B1333 /* Debug */,
				8AA8F20029CB0F68002B1333 /* Release */,
			);
			defaultConfigurationIsVisible = 0;
			defaultConfigurationName = Release;
		};
/* End XCConfigurationList section */
	};
	rootObject = 8AA8F1E629CB0F67002B1333 /* Project object */;
}
